
Microsoft Visual Studio Solution File, Format Version 12.00
# Visual Studio Version 16
VisualStudioVersion = 16.0.29001.49
MinimumVisualStudioVersion = 10.0.40219.1
Project("{FAE04EC0-301F-11D3-BF4B-00C04F79EFBC}") = "Shapes", "Shapes\Shapes.csproj", "{AED7F755-643B-41F4-B0DE-92BC04E9C631}"
EndProject
Global
	GlobalSection(SolutionConfigurationPlatforms) = preSolution
		Debug|Any CPU = Debug|Any CPU
		Release|Any CPU = Release|Any CPU
	EndGlobalSection
	GlobalSection(ProjectConfigurationPlatforms) = postSolution
		{AED7F755-643B-41F4-B0DE-92BC04E9C631}.Debug|Any CPU.ActiveCfg = Debug|Any CPU
		{AED7F755-643B-41F4-B0DE-92BC04E9C631}.Debug|Any CPU.Build.0 = Debug|Any CPU
		{AED7F755-643B-41F4-B0DE-92BC04E9C631}.Release|Any CPU.ActiveCfg = Release|Any CPU
		{AED7F755-643B-41F4-B0DE-92BC04E9C631}.Release|Any CPU.Build.0 = Release|Any CPU
	EndGlobalSection
	GlobalSection(SolutionProperties) = preSolution
		HideSolutionNode = FALSE
	EndGlobalSection
	GlobalSection(ExtensibilityGlobals) = postSolution
		SolutionGuid = {AEB40422-4361-415C-A7AB-5B433B34BBCD}
	EndGlobalSection
EndGlobal
